{
  "version": 4,
  "terraform_version": "1.8.5",
  "serial": 10,
  "lineage": "43413571-a89f-2401-2a7b-6e1040b11d85",
  "outputs": {},
  "resources": [
    {
      "mode": "managed",
      "type": "yandex_compute_instance",
      "name": "manager",
      "provider": "provider[\"registry.terraform.io/yandex-cloud/yandex\"]",
      "instances": [
        {
          "status": "tainted",
          "schema_version": 1,
          "attributes": {
            "allow_stopping_for_update": null,
            "boot_disk": [
              {
                "auto_delete": true,
                "device_name": "fhmj4f9a8cp26e0mkh91",
                "disk_id": "fhmj4f9a8cp26e0mkh91",
                "initialize_params": [
                  {
                    "block_size": 4096,
                    "description": "",
                    "image_id": "fd8re3hiqnikqr7j7m8s",
                    "name": "",
                    "size": 10,
                    "snapshot_id": "",
                    "type": "network-hdd"
                  }
                ],
                "mode": "READ_WRITE"
              }
            ],
            "created_at": "2024-06-14T09:43:06Z",
            "description": "",
            "folder_id": "b1gt5qovks2088j758rt",
            "fqdn": "fhmd6bg5fiitgp8hfre5.auto.internal",
            "hostname": "fhmd6bg5fiitgp8hfre5",
            "id": "fhmd6bg5fiitgp8hfre5",
            "labels": null,
            "metadata": {
              "ssh-keys": "ubuntu:ssh-ed25519 AAAAC3NzaC1lZDI1NTE5AAAAIP99P3r6ihfFX/J8TrZqwoR+ZmBo4larumFvL8yWUNpa avolon@botserver\n",
              "user-data": "#cloud-config\r\nruncmd:\r\n  - [ bash, /etc/install_docker.sh ]\r\n  - [ bash, -c, \"docker swarm init --advertise-addr $(curl -s http://169.254.169.254/latest/meta-data/local-ipv4)\" ]\r\n"
            },
            "name": "manager",
            "network_acceleration_type": "standard",
            "network_interface": [
              {
                "dns_record": [],
                "index": 0,
                "ip_address": "10.0.0.13",
                "ipv4": true,
                "ipv6": false,
                "ipv6_address": "",
                "ipv6_dns_record": [],
                "mac_address": "d0:0d:d3:2e:05:7c",
                "nat": true,
                "nat_dns_record": [],
                "nat_ip_address": "158.160.102.163",
                "nat_ip_version": "IPV4",
                "security_group_ids": [],
                "subnet_id": "e9b21j0pb2peqp2nif85"
              }
            ],
            "placement_policy": [
              {
                "placement_group_id": ""
              }
            ],
            "platform_id": "standard-v1",
            "resources": [
              {
                "core_fraction": 100,
                "cores": 2,
                "gpus": 0,
                "memory": 2
              }
            ],
            "scheduling_policy": [
              {
                "preemptible": false
              }
            ],
            "secondary_disk": [],
            "service_account_id": "",
            "status": "running",
            "timeouts": null,
            "zone": "ru-central1-a"
          },
          "sensitive_attributes": [],
          "private": "eyJlMmJmYjczMC1lY2FhLTExZTYtOGY4OC0zNDM2M2JjN2M0YzAiOnsiY3JlYXRlIjozMDAwMDAwMDAwMDAsImRlbGV0ZSI6MzAwMDAwMDAwMDAwLCJ1cGRhdGUiOjMwMDAwMDAwMDAwMH0sInNjaGVtYV92ZXJzaW9uIjoiMSJ9",
          "dependencies": [
            "yandex_vpc_network.default",
            "yandex_vpc_subnet.default"
          ]
        }
      ]
    },
    {
      "mode": "managed",
      "type": "yandex_compute_instance",
      "name": "worker1",
      "provider": "provider[\"registry.terraform.io/yandex-cloud/yandex\"]",
      "instances": [
        {
          "status": "tainted",
          "schema_version": 1,
          "attributes": {
            "allow_stopping_for_update": null,
            "boot_disk": [
              {
                "auto_delete": true,
                "device_name": "fhmuk1q6c6v5btsshgff",
                "disk_id": "fhmuk1q6c6v5btsshgff",
                "initialize_params": [
                  {
                    "block_size": 4096,
                    "description": "",
                    "image_id": "fd8re3hiqnikqr7j7m8s",
                    "name": "",
                    "size": 10,
                    "snapshot_id": "",
                    "type": "network-hdd"
                  }
                ],
                "mode": "READ_WRITE"
              }
            ],
            "created_at": "2024-06-14T09:43:06Z",
            "description": "",
            "folder_id": "b1gt5qovks2088j758rt",
            "fqdn": "fhmk8dlaucru23b7mdpe.auto.internal",
            "hostname": "fhmk8dlaucru23b7mdpe",
            "id": "fhmk8dlaucru23b7mdpe",
            "labels": null,
            "metadata": {
              "ssh-keys": "ubuntu:ssh-ed25519 AAAAC3NzaC1lZDI1NTE5AAAAIP99P3r6ihfFX/J8TrZqwoR+ZmBo4larumFvL8yWUNpa avolon@botserver\n",
              "user-data": "#cloud-config\r\nruncmd:\r\n  - [ bash, /etc/install_docker.sh ]\r\n"
            },
            "name": "worker1",
            "network_acceleration_type": "standard",
            "network_interface": [
              {
                "dns_record": [],
                "index": 0,
                "ip_address": "10.0.0.14",
                "ipv4": true,
                "ipv6": false,
                "ipv6_address": "",
                "ipv6_dns_record": [],
                "mac_address": "d0:0d:14:43:6a:af",
                "nat": true,
                "nat_dns_record": [],
                "nat_ip_address": "158.160.46.37",
                "nat_ip_version": "IPV4",
                "security_group_ids": [],
                "subnet_id": "e9b21j0pb2peqp2nif85"
              }
            ],
            "placement_policy": [
              {
                "placement_group_id": ""
              }
            ],
            "platform_id": "standard-v1",
            "resources": [
              {
                "core_fraction": 100,
                "cores": 2,
                "gpus": 0,
                "memory": 2
              }
            ],
            "scheduling_policy": [
              {
                "preemptible": false
              }
            ],
            "secondary_disk": [],
            "service_account_id": "",
            "status": "running",
            "timeouts": null,
            "zone": "ru-central1-a"
          },
          "sensitive_attributes": [],
          "private": "eyJlMmJmYjczMC1lY2FhLTExZTYtOGY4OC0zNDM2M2JjN2M0YzAiOnsiY3JlYXRlIjozMDAwMDAwMDAwMDAsImRlbGV0ZSI6MzAwMDAwMDAwMDAwLCJ1cGRhdGUiOjMwMDAwMDAwMDAwMH0sInNjaGVtYV92ZXJzaW9uIjoiMSJ9",
          "dependencies": [
            "yandex_vpc_network.default",
            "yandex_vpc_subnet.default"
          ]
        }
      ]
    },
    {
      "mode": "managed",
      "type": "yandex_compute_instance",
      "name": "worker2",
      "provider": "provider[\"registry.terraform.io/yandex-cloud/yandex\"]",
      "instances": [
        {
          "status": "tainted",
          "schema_version": 1,
          "attributes": {
            "allow_stopping_for_update": null,
            "boot_disk": [
              {
                "auto_delete": true,
                "device_name": "fhmj86uks4ojlmctsmru",
                "disk_id": "fhmj86uks4ojlmctsmru",
                "initialize_params": [
                  {
                    "block_size": 4096,
                    "description": "",
                    "image_id": "fd8re3hiqnikqr7j7m8s",
                    "name": "",
                    "size": 10,
                    "snapshot_id": "",
                    "type": "network-hdd"
                  }
                ],
                "mode": "READ_WRITE"
              }
            ],
            "created_at": "2024-06-14T09:43:06Z",
            "description": "",
            "folder_id": "b1gt5qovks2088j758rt",
            "fqdn": "fhmi7co7tkmlptnt5h9p.auto.internal",
            "hostname": "fhmi7co7tkmlptnt5h9p",
            "id": "fhmi7co7tkmlptnt5h9p",
            "labels": null,
            "metadata": {
              "ssh-keys": "ubuntu:ssh-ed25519 AAAAC3NzaC1lZDI1NTE5AAAAIP99P3r6ihfFX/J8TrZqwoR+ZmBo4larumFvL8yWUNpa avolon@botserver\n",
              "user-data": "#cloud-config\r\nruncmd:\r\n  - [ bash, /etc/install_docker.sh ]\r\n"
            },
            "name": "worker2",
            "network_acceleration_type": "standard",
            "network_interface": [
              {
                "dns_record": [],
                "index": 0,
                "ip_address": "10.0.0.17",
                "ipv4": true,
                "ipv6": false,
                "ipv6_address": "",
                "ipv6_dns_record": [],
                "mac_address": "d0:0d:12:3b:30:7e",
                "nat": true,
                "nat_dns_record": [],
                "nat_ip_address": "158.160.38.162",
                "nat_ip_version": "IPV4",
                "security_group_ids": [],
                "subnet_id": "e9b21j0pb2peqp2nif85"
              }
            ],
            "placement_policy": [
              {
                "placement_group_id": ""
              }
            ],
            "platform_id": "standard-v1",
            "resources": [
              {
                "core_fraction": 100,
                "cores": 2,
                "gpus": 0,
                "memory": 2
              }
            ],
            "scheduling_policy": [
              {
                "preemptible": false
              }
            ],
            "secondary_disk": [],
            "service_account_id": "",
            "status": "running",
            "timeouts": null,
            "zone": "ru-central1-a"
          },
          "sensitive_attributes": [],
          "private": "eyJlMmJmYjczMC1lY2FhLTExZTYtOGY4OC0zNDM2M2JjN2M0YzAiOnsiY3JlYXRlIjozMDAwMDAwMDAwMDAsImRlbGV0ZSI6MzAwMDAwMDAwMDAwLCJ1cGRhdGUiOjMwMDAwMDAwMDAwMH0sInNjaGVtYV92ZXJzaW9uIjoiMSJ9",
          "dependencies": [
            "yandex_vpc_network.default",
            "yandex_vpc_subnet.default"
          ]
        }
      ]
    },
    {
      "mode": "managed",
      "type": "yandex_vpc_network",
      "name": "default",
      "provider": "provider[\"registry.terraform.io/yandex-cloud/yandex\"]",
      "instances": [
        {
          "schema_version": 0,
          "attributes": {
            "created_at": "2024-06-14T09:36:29Z",
            "default_security_group_id": "enpf6oahs7ufatfbgkif",
            "description": "",
            "folder_id": "b1gt5qovks2088j758rt",
            "id": "enphf976jelc5rfiog1o",
            "labels": {},
            "name": "sock-shop-network",
            "subnet_ids": [
              "e9b21j0pb2peqp2nif85"
            ],
            "timeouts": null
          },
          "sensitive_attributes": [],
          "private": "eyJlMmJmYjczMC1lY2FhLTExZTYtOGY4OC0zNDM2M2JjN2M0YzAiOnsiY3JlYXRlIjo2MDAwMDAwMDAwMCwiZGVsZXRlIjo2MDAwMDAwMDAwMCwidXBkYXRlIjo2MDAwMDAwMDAwMH19"
        }
      ]
    },
    {
      "mode": "managed",
      "type": "yandex_vpc_subnet",
      "name": "default",
      "provider": "provider[\"registry.terraform.io/yandex-cloud/yandex\"]",
      "instances": [
        {
          "schema_version": 0,
          "attributes": {
            "created_at": "2024-06-14T09:36:31Z",
            "description": "",
            "dhcp_options": [],
            "folder_id": "b1gt5qovks2088j758rt",
            "id": "e9b21j0pb2peqp2nif85",
            "labels": {},
            "name": "sock-shop-subnet",
            "network_id": "enphf976jelc5rfiog1o",
            "route_table_id": "",
            "timeouts": null,
            "v4_cidr_blocks": [
              "10.0.0.0/24"
            ],
            "v6_cidr_blocks": [],
            "zone": "ru-central1-a"
          },
          "sensitive_attributes": [],
          "private": "eyJlMmJmYjczMC1lY2FhLTExZTYtOGY4OC0zNDM2M2JjN2M0YzAiOnsiY3JlYXRlIjoxODAwMDAwMDAwMDAsImRlbGV0ZSI6MTgwMDAwMDAwMDAwLCJ1cGRhdGUiOjE4MDAwMDAwMDAwMH19",
          "dependencies": [
            "yandex_vpc_network.default"
          ]
        }
      ]
    }
  ],
  "check_results": null
}
